
Microsoft Visual Studio Solution File, Format Version 12.00
# Visual Studio Version 17
VisualStudioVersion = 17.14.36414.22 d17.14
MinimumVisualStudioVersion = 10.0.40219.1
Project("{FAE04EC0-301F-11D3-BF4B-00C04F79EFBC}") = "Spark.3dPrint.Calculator", "Spark.3dPrint.Calculator\Spark.3dPrint.Calculator.csproj", "{08F52AC2-4614-45C7-AE17-3E2C764D91AD}"
EndProject
Global
	GlobalSection(SolutionConfigurationPlatforms) = preSolution
		Debug|Any CPU = Debug|Any CPU
		Release|Any CPU = Release|Any CPU
	EndGlobalSection
	GlobalSection(ProjectConfigurationPlatforms) = postSolution
		{08F52AC2-4614-45C7-AE17-3E2C764D91AD}.Debug|Any CPU.ActiveCfg = Debug|Any CPU
		{08F52AC2-4614-45C7-AE17-3E2C764D91AD}.Debug|Any CPU.Build.0 = Debug|Any CPU
		{08F52AC2-4614-45C7-AE17-3E2C764D91AD}.Debug|Any CPU.Deploy.0 = Debug|Any CPU
		{08F52AC2-4614-45C7-AE17-3E2C764D91AD}.Release|Any CPU.ActiveCfg = Release|Any CPU
		{08F52AC2-4614-45C7-AE17-3E2C764D91AD}.Release|Any CPU.Build.0 = Release|Any CPU
		{08F52AC2-4614-45C7-AE17-3E2C764D91AD}.Release|Any CPU.Deploy.0 = Release|Any CPU
	EndGlobalSection
	GlobalSection(SolutionProperties) = preSolution
		HideSolutionNode = FALSE
	EndGlobalSection
	GlobalSection(ExtensibilityGlobals) = postSolution
		SolutionGuid = {473FEA27-E48F-4CC6-A9D2-E075727FBA45}
	EndGlobalSection
EndGlobal
